
Microsoft Visual Studio Solution File, Format Version 12.00
# Visual Studio 2013
VisualStudioVersion = 12.0.30723.0
MinimumVisualStudioVersion = 10.0.40219.1
Project("{FAE04EC0-301F-11D3-BF4B-00C04F79EFBC}") = "CodeSnippets", "CodeSnippets\CodeSnippets.csproj", "{F19A4C82-69BB-45CD-BF38-8BF51172B099}"
EndProject
Project("{FAE04EC0-301F-11D3-BF4B-00C04F79EFBC}") = "CodeProcessor", "CodeProcessor\CodeProcessor.csproj", "{5142CD24-3D23-4CCD-97BD-385639274145}"
EndProject
Global
	GlobalSection(SolutionConfigurationPlatforms) = preSolution
		Debug|Any CPU = Debug|Any CPU
		Release|Any CPU = Release|Any CPU
	EndGlobalSection
	GlobalSection(ProjectConfigurationPlatforms) = postSolution
		{F19A4C82-69BB-45CD-BF38-8BF51172B099}.Debug|Any CPU.ActiveCfg = Debug|Any CPU
		{F19A4C82-69BB-45CD-BF38-8BF51172B099}.Debug|Any CPU.Build.0 = Debug|Any CPU
		{F19A4C82-69BB-45CD-BF38-8BF51172B099}.Release|Any CPU.ActiveCfg = Release|Any CPU
		{F19A4C82-69BB-45CD-BF38-8BF51172B099}.Release|Any CPU.Build.0 = Release|Any CPU
		{5142CD24-3D23-4CCD-97BD-385639274145}.Debug|Any CPU.ActiveCfg = Debug|Any CPU
		{5142CD24-3D23-4CCD-97BD-385639274145}.Debug|Any CPU.Build.0 = Debug|Any CPU
		{5142CD24-3D23-4CCD-97BD-385639274145}.Release|Any CPU.ActiveCfg = Release|Any CPU
		{5142CD24-3D23-4CCD-97BD-385639274145}.Release|Any CPU.Build.0 = Release|Any CPU
	EndGlobalSection
	GlobalSection(SolutionProperties) = preSolution
		HideSolutionNode = FALSE
	EndGlobalSection
EndGlobal
